
Microsoft Visual Studio Solution File, Format Version 12.00
# Visual Studio Version 16
VisualStudioVersion = 16.0.34301.259
MinimumVisualStudioVersion = 10.0.40219.1
Project("{FAE04EC0-301F-11D3-BF4B-00C04F79EFBC}") = "AzureTest", "AzureTest\AzureTest.csproj", "{5660C040-FB97-4E25-99D5-AA42E10E423F}"
EndProject
Global
	GlobalSection(SolutionConfigurationPlatforms) = preSolution
		Debug|Any CPU = Debug|Any CPU
		Release|Any CPU = Release|Any CPU
	EndGlobalSection
	GlobalSection(ProjectConfigurationPlatforms) = postSolution
		{5660C040-FB97-4E25-99D5-AA42E10E423F}.Debug|Any CPU.ActiveCfg = Debug|Any CPU
		{5660C040-FB97-4E25-99D5-AA42E10E423F}.Debug|Any CPU.Build.0 = Debug|Any CPU
		{5660C040-FB97-4E25-99D5-AA42E10E423F}.Release|Any CPU.ActiveCfg = Release|Any CPU
		{5660C040-FB97-4E25-99D5-AA42E10E423F}.Release|Any CPU.Build.0 = Release|Any CPU
	EndGlobalSection
	GlobalSection(SolutionProperties) = preSolution
		HideSolutionNode = FALSE
	EndGlobalSection
	GlobalSection(ExtensibilityGlobals) = postSolution
		SolutionGuid = {09341A9E-7B13-493D-A4AB-27B239156BFF}
	EndGlobalSection
EndGlobal
